
Microsoft Visual Studio Solution File, Format Version 12.00
# Visual Studio 2017
Project("{FAE04EC0-301F-11D3-BF4B-00C04F79EFBC}") = "CodeNamesCardGenerator Project", "CodeNamesCardGenerator Project.csproj", "{B0342F61-5729-7E26-7DC1-DE1D2B011AEE}"
EndProject
Global
	GlobalSection(SolutionConfigurationPlatforms) = preSolution
		Debug|Any CPU = Debug|Any CPU
		Release|Any CPU = Release|Any CPU
	EndGlobalSection
	GlobalSection(ProjectConfigurationPlatforms) = postSolution
		{B0342F61-5729-7E26-7DC1-DE1D2B011AEE}.Debug|Any CPU.ActiveCfg = Debug|Any CPU
		{B0342F61-5729-7E26-7DC1-DE1D2B011AEE}.Debug|Any CPU.Build.0 = Debug|Any CPU
		{B0342F61-5729-7E26-7DC1-DE1D2B011AEE}.Release|Any CPU.ActiveCfg = Release|Any CPU
		{B0342F61-5729-7E26-7DC1-DE1D2B011AEE}.Release|Any CPU.Build.0 = Release|Any CPU
	EndGlobalSection
	GlobalSection(SolutionProperties) = preSolution
		HideSolutionNode = FALSE
	EndGlobalSection
EndGlobal
